
Microsoft Visual Studio Solution File, Format Version 12.00
# Visual Studio 15
Project("{FAE04EC0-301F-11D3-BF4B-00C04F79EFBC}") = "Assembly-CSharp", "Assembly-CSharp.csproj", "{6271B957-4980-9EDC-89F4-7E29B48F79EF}"
EndProject
Project("{FAE04EC0-301F-11D3-BF4B-00C04F79EFBC}") = "VuforiaScripts", "VuforiaScripts.csproj", "{22371525-3EF4-8458-DE38-A16857610E74}"
EndProject
Project("{FAE04EC0-301F-11D3-BF4B-00C04F79EFBC}") = "Assembly-CSharp-Editor", "Assembly-CSharp-Editor.csproj", "{79E081F1-CE25-BD08-1354-8BB157647512}"
EndProject
Project("{FAE04EC0-301F-11D3-BF4B-00C04F79EFBC}") = "VuforiaEditorScripts", "VuforiaEditorScripts.csproj", "{480514F9-0B83-1963-B437-14C3659DDD68}"
EndProject
Global
	GlobalSection(SolutionConfigurationPlatforms) = preSolution
		Debug|Any CPU = Debug|Any CPU
		Release|Any CPU = Release|Any CPU
	EndGlobalSection
	GlobalSection(ProjectConfigurationPlatforms) = postSolution
		{6271B957-4980-9EDC-89F4-7E29B48F79EF}.Debug|Any CPU.ActiveCfg = Debug|Any CPU
		{6271B957-4980-9EDC-89F4-7E29B48F79EF}.Debug|Any CPU.Build.0 = Debug|Any CPU
		{6271B957-4980-9EDC-89F4-7E29B48F79EF}.Release|Any CPU.ActiveCfg = Release|Any CPU
		{6271B957-4980-9EDC-89F4-7E29B48F79EF}.Release|Any CPU.Build.0 = Release|Any CPU
		{22371525-3EF4-8458-DE38-A16857610E74}.Debug|Any CPU.ActiveCfg = Debug|Any CPU
		{22371525-3EF4-8458-DE38-A16857610E74}.Debug|Any CPU.Build.0 = Debug|Any CPU
		{22371525-3EF4-8458-DE38-A16857610E74}.Release|Any CPU.ActiveCfg = Release|Any CPU
		{22371525-3EF4-8458-DE38-A16857610E74}.Release|Any CPU.Build.0 = Release|Any CPU
		{79E081F1-CE25-BD08-1354-8BB157647512}.Debug|Any CPU.ActiveCfg = Debug|Any CPU
		{79E081F1-CE25-BD08-1354-8BB157647512}.Debug|Any CPU.Build.0 = Debug|Any CPU
		{79E081F1-CE25-BD08-1354-8BB157647512}.Release|Any CPU.ActiveCfg = Release|Any CPU
		{79E081F1-CE25-BD08-1354-8BB157647512}.Release|Any CPU.Build.0 = Release|Any CPU
		{480514F9-0B83-1963-B437-14C3659DDD68}.Debug|Any CPU.ActiveCfg = Debug|Any CPU
		{480514F9-0B83-1963-B437-14C3659DDD68}.Debug|Any CPU.Build.0 = Debug|Any CPU
		{480514F9-0B83-1963-B437-14C3659DDD68}.Release|Any CPU.ActiveCfg = Release|Any CPU
		{480514F9-0B83-1963-B437-14C3659DDD68}.Release|Any CPU.Build.0 = Release|Any CPU
	EndGlobalSection
	GlobalSection(SolutionProperties) = preSolution
		HideSolutionNode = FALSE
	EndGlobalSection
EndGlobal
